
Microsoft Visual Studio Solution File, Format Version 12.00
# Visual Studio Version 17
VisualStudioVersion = 17.8.34511.84
MinimumVisualStudioVersion = 10.0.40219.1
Project("{8BC9CEB8-8B4A-11D0-8D11-00A0C91BC942}") = "Автосалон", "Автосалон.vcxproj", "{D40BA3B2-EDA7-4FF9-A839-1C2934C5EAE9}"
EndProject
Global
	GlobalSection(SolutionConfigurationPlatforms) = preSolution
		Debug|x64 = Debug|x64
		Debug|x86 = Debug|x86
		Release|x64 = Release|x64
		Release|x86 = Release|x86
	EndGlobalSection
	GlobalSection(ProjectConfigurationPlatforms) = postSolution
		{D40BA3B2-EDA7-4FF9-A839-1C2934C5EAE9}.Debug|x64.ActiveCfg = Debug|x64
		{D40BA3B2-EDA7-4FF9-A839-1C2934C5EAE9}.Debug|x64.Build.0 = Debug|x64
		{D40BA3B2-EDA7-4FF9-A839-1C2934C5EAE9}.Debug|x86.ActiveCfg = Debug|Win32
		{D40BA3B2-EDA7-4FF9-A839-1C2934C5EAE9}.Debug|x86.Build.0 = Debug|Win32
		{D40BA3B2-EDA7-4FF9-A839-1C2934C5EAE9}.Release|x64.ActiveCfg = Release|x64
		{D40BA3B2-EDA7-4FF9-A839-1C2934C5EAE9}.Release|x64.Build.0 = Release|x64
		{D40BA3B2-EDA7-4FF9-A839-1C2934C5EAE9}.Release|x86.ActiveCfg = Release|Win32
		{D40BA3B2-EDA7-4FF9-A839-1C2934C5EAE9}.Release|x86.Build.0 = Release|Win32
	EndGlobalSection
	GlobalSection(SolutionProperties) = preSolution
		HideSolutionNode = FALSE
	EndGlobalSection
	GlobalSection(ExtensibilityGlobals) = postSolution
		SolutionGuid = {2152E21F-2AAC-4572-9E0C-77A45A4DCE1A}
	EndGlobalSection
EndGlobal
